// !$*UTF8*$!
{
	archiveVersion = 1;
	classes = {
	};
	objectVersion = 46;
	objects = {

/* Begin PBXBuildFile section */
		FE58D4681DDE4563008076B1 /* AppDelegate.swift in Sources */ = {isa = PBXBuildFile; fileRef = FE58D4671DDE4563008076B1 /* AppDelegate.swift */; };
		FE58D46A1DDE4563008076B1 /* ViewController.swift in Sources */ = {isa = PBXBuildFile; fileRef = FE58D4691DDE4563008076B1 /* ViewController.swift */; };
		FE58D46F1DDE4563008076B1 /* Assets.xcassets in Resources */ = {isa = PBXBuildFile; fileRef = FE58D46E1DDE4563008076B1 /* Assets.xcassets */; };
		FE58D47A1DDE457E008076B1 /* UIScrollView+ContentView.swift in Sources */ = {isa = PBXBuildFile; fileRef = FE58D4791DDE457E008076B1 /* UIScrollView+ContentView.swift */; };
		FE58D47C1DDE458F008076B1 /* UIScrollView+Page.swift in Sources */ = {isa = PBXBuildFile; fileRef = FE58D47B1DDE458F008076B1 /* UIScrollView+Page.swift */; };
		FE58D47F1DDE4F15008076B1 /* LaunchScreen.storyboard in Resources */ = {isa = PBXBuildFile; fileRef = FE58D47D1DDE4F15008076B1 /* LaunchScreen.storyboard */; };
/* End PBXBuildFile section */

/* Begin PBXFileReference section */
		FE58D4641DDE4563008076B1 /* UIScrollView+Extensions.app */ = {isa = PBXFileReference; explicitFileType = wrapper.application; includeInIndex = 0; path = "UIScrollView+Extensions.app"; sourceTree = BUILT_PRODUCTS_DIR; };
		FE58D4671DDE4563008076B1 /* AppDelegate.swift */ = {isa = PBXFileReference; lastKnownFileType = sourcecode.swift; path = AppDelegate.swift; sourceTree = "<group>"; };
		FE58D4691DDE4563008076B1 /* ViewController.swift */ = {isa = PBXFileReference; lastKnownFileType = sourcecode.swift; path = ViewController.swift; sourceTree = "<group>"; };
		FE58D46E1DDE4563008076B1 /* Assets.xcassets */ = {isa = PBXFileReference; lastKnownFileType = folder.assetcatalog; path = Assets.xcassets; sourceTree = "<group>"; };
		FE58D4731DDE4563008076B1 /* Info.plist */ = {isa = PBXFileReference; lastKnownFileType = text.plist.xml; path = Info.plist; sourceTree = "<group>"; };
		FE58D4791DDE457E008076B1 /* UIScrollView+ContentView.swift */ = {isa = PBXFileReference; fileEncoding = 4; lastKnownFileType = sourcecode.swift; path = "UIScrollView+ContentView.swift"; sourceTree = "<group>"; };
		FE58D47B1DDE458F008076B1 /* UIScrollView+Page.swift */ = {isa = PBXFileReference; fileEncoding = 4; lastKnownFileType = sourcecode.swift; path = "UIScrollView+Page.swift"; sourceTree = "<group>"; };
		FE58D47E1DDE4F15008076B1 /* Base */ = {isa = PBXFileReference; lastKnownFileType = file.storyboard; name = Base; path = Base.lproj/LaunchScreen.storyboard; sourceTree = "<group>"; };
/* End PBXFileReference section */

/* Begin PBXFrameworksBuildPhase section */
		FE58D4611DDE4563008076B1 /* Frameworks */ = {
			isa = PBXFrameworksBuildPhase;
			buildActionMask = 2147483647;
			files = (
			);
			runOnlyForDeploymentPostprocessing = 0;
		};
/* End PBXFrameworksBuildPhase section */

/* Begin PBXGroup section */
		FE58D45B1DDE4563008076B1 = {
			isa = PBXGroup;
			children = (
				FE58D4661DDE4563008076B1 /* UIScrollView+Extensions */,
				FE58D4651DDE4563008076B1 /* Products */,
			);
			sourceTree = "<group>";
		};
		FE58D4651DDE4563008076B1 /* Products */ = {
			isa = PBXGroup;
			children = (
				FE58D4641DDE4563008076B1 /* UIScrollView+Extensions.app */,
			);
			name = Products;
			sourceTree = "<group>";
		};
		FE58D4661DDE4563008076B1 /* UIScrollView+Extensions */ = {
			isa = PBXGroup;
			children = (
				FE58D4671DDE4563008076B1 /* AppDelegate.swift */,
				FE58D4791DDE457E008076B1 /* UIScrollView+ContentView.swift */,
				FE58D47B1DDE458F008076B1 /* UIScrollView+Page.swift */,
				FE58D4691DDE4563008076B1 /* ViewController.swift */,
				FE58D46E1DDE4563008076B1 /* Assets.xcassets */,
				FE58D47D1DDE4F15008076B1 /* LaunchScreen.storyboard */,
				FE58D4731DDE4563008076B1 /* Info.plist */,
			);
			path = "UIScrollView+Extensions";
			sourceTree = "<group>";
		};
/* End PBXGroup section */

/* Begin PBXNativeTarget section */
		FE58D4631DDE4563008076B1 /* UIScrollView+Extensions */ = {
			isa = PBXNativeTarget;
			buildConfigurationList = FE58D4761DDE4563008076B1 /* Build configuration list for PBXNativeTarget "UIScrollView+Extensions" */;
			buildPhases = (
				FE58D4601DDE4563008076B1 /* Sources */,
				FE58D4611DDE4563008076B1 /* Frameworks */,
				FE58D4621DDE4563008076B1 /* Resources */,
			);
			buildRules = (
			);
			dependencies = (
			);
			name = "UIScrollView+Extensions";
			productName = "UIScrollView+Extensions";
			productReference = FE58D4641DDE4563008076B1 /* UIScrollView+Extensions.app */;
			productType = "com.apple.product-type.application";
		};
/* End PBXNativeTarget section */

/* Begin PBXProject section */
		FE58D45C1DDE4563008076B1 /* Project object */ = {
			isa = PBXProject;
			attributes = {
				LastSwiftUpdateCheck = 0810;
				LastUpgradeCheck = 0810;
				ORGANIZATIONNAME = CJNevin;
				TargetAttributes = {
					FE58D4631DDE4563008076B1 = {
						CreatedOnToolsVersion = 8.1;
						ProvisioningStyle = Automatic;
					};
				};
			};
			buildConfigurationList = FE58D45F1DDE4563008076B1 /* Build configuration list for PBXProject "UIScrollView+Extensions" */;
			compatibilityVersion = "Xcode 3.2";
			developmentRegion = English;
			hasScannedForEncodings = 0;
			knownRegions = (
				en,
				Base,
			);
			mainGroup = FE58D45B1DDE4563008076B1;
			productRefGroup = FE58D4651DDE4563008076B1 /* Products */;
			projectDirPath = "";
			projectRoot = "";
			targets = (
				FE58D4631DDE4563008076B1 /* UIScrollView+Extensions */,
			);
		};
/* End PBXProject section */

/* Begin PBXResourcesBuildPhase section */
		FE58D4621DDE4563008076B1 /* Resources */ = {
			isa = PBXResourcesBuildPhase;
			buildActionMask = 2147483647;
			files = (
				FE58D46F1DDE4563008076B1 /* Assets.xcassets in Resources */,
				FE58D47F1DDE4F15008076B1 /* LaunchScreen.storyboard in Resources */,
			);
			runOnlyForDeploymentPostprocessing = 0;
		};
/* End PBXResourcesBuildPhase section */

/* Begin PBXSourcesBuildPhase section */
		FE58D4601DDE4563008076B1 /* Sources */ = {
			isa = PBXSourcesBuildPhase;
			buildActionMask = 2147483647;
			files = (
				FE58D47A1DDE457E008076B1 /* UIScrollView+ContentView.swift in Sources */,
				FE58D46A1DDE4563008076B1 /* ViewController.swift in Sources */,
				FE58D47C1DDE458F008076B1 /* UIScrollView+Page.swift in Sources */,
				FE58D4681DDE4563008076B1 /* AppDelegate.swift in Sources */,
			);
			runOnlyForDeploymentPostprocessing = 0;
		};
/* End PBXSourcesBuildPhase section */

/* Begin PBXVariantGroup section */
		FE58D47D1DDE4F15008076B1 /* LaunchScreen.storyboard */ = {
			isa = PBXVariantGroup;
			children = (
				FE58D47E1DDE4F15008076B1 /* Base */,
			);
			name = LaunchScreen.storyboard;
			sourceTree = "<group>";
		};
/* End PBXVariantGroup section */

/* Begin XCBuildConfiguration section */
		FE58D4741DDE4563008076B1 /* Debug */ = {
			isa = XCBuildConfiguration;
			buildSettings = {
				ALWAYS_SEARCH_USER_PATHS = NO;
				CLANG_ANALYZER_NONNULL = YES;
				CLANG_CXX_LANGUAGE_STANDARD = "gnu++0x";
				CLANG_CXX_LIBRARY = "libc++";
				CLANG_ENABLE_MODULES = YES;
				CLANG_ENABLE_OBJC_ARC = YES;
				CLANG_WARN_BOOL_CONVERSION = YES;
				CLANG_WARN_CONSTANT_CONVERSION = YES;
				CLANG_WARN_DIRECT_OBJC_ISA_USAGE = YES_ERROR;
				CLANG_WARN_DOCUMENTATION_COMMENTS = YES;
				CLANG_WARN_EMPTY_BODY = YES;
				CLANG_WARN_ENUM_CONVERSION = YES;
				CLANG_WARN_INFINITE_RECURSION = YES;
				CLANG_WARN_INT_CONVERSION = YES;
				CLANG_WARN_OBJC_ROOT_CLASS = YES_ERROR;
				CLANG_WARN_SUSPICIOUS_MOVES = YES;
				CLANG_WARN_UNREACHABLE_CODE = YES;
				CLANG_WARN__DUPLICATE_METHOD_MATCH = YES;
				"CODE_SIGN_IDENTITY[sdk=iphoneos*]" = "iPhone Developer";
				COPY_PHASE_STRIP = NO;
				DEBUG_INFORMATION_FORMAT = dwarf;
				ENABLE_STRICT_OBJC_MSGSEND = YES;
				ENABLE_TESTABILITY = YES;
				GCC_C_LANGUAGE_STANDARD = gnu99;
				GCC_DYNAMIC_NO_PIC = NO;
				GCC_NO_COMMON_BLOCKS = YES;
				GCC_OPTIMIZATION_LEVEL = 0;
				GCC_PREPROCESSOR_DEFINITIONS = (
					"DEBUG=1",
					"$(inherited)",
				);
				GCC_WARN_64_TO_32_BIT_CONVERSION = YES;
				GCC_WARN_ABOUT_RETURN_TYPE = YES_ERROR;
				GCC_WARN_UNDECLARED_SELECTOR = YES;
				GCC_WARN_UNINITIALIZED_AUTOS = YES_AGGRESSIVE;
				GCC_WARN_UNUSED_FUNCTION = YES;
				GCC_WARN_UNUSED_VARIABLE = YES;
				IPHONEOS_DEPLOYMENT_TARGET = 10.1;
				MTL_ENABLE_DEBUG_INFO = YES;
				ONLY_ACTIVE_ARCH = YES;
				SDKROOT = iphoneos;
				SWIFT_ACTIVE_COMPILATION_CONDITIONS = DEBUG;
				SWIFT_OPTIMIZATION_LEVEL = "-Onone";
			};
			name = Debug;
		};
		FE58D4751DDE4563008076B1 /* Release */ = {
			isa = XCBuildConfiguration;
			buildSettings = {
				ALWAYS_SEARCH_USER_PATHS = NO;
				CLANG_ANALYZER_NONNULL = YES;
				CLANG_CXX_LANGUAGE_STANDARD = "gnu++0x";
				CLANG_CXX_LIBRARY = "libc++";
				CLANG_ENABLE_MODULES = YES;
				CLANG_ENABLE_OBJC_ARC = YES;
				CLANG_WARN_BOOL_CONVERSION = YES;
				CLANG_WARN_CONSTANT_CONVERSION = YES;
				CLANG_WARN_DIRECT_OBJC_ISA_USAGE = YES_ERROR;
				CLANG_WARN_DOCUMENTATION_COMMENTS = YES;
				CLANG_WARN_EMPTY_BODY = YES;
				CLANG_WARN_ENUM_CONVERSION = YES;
				CLANG_WARN_INFINITE_RECURSION = YES;
				CLANG_WARN_INT_CONVERSION = YES;
				CLANG_WARN_OBJC_ROOT_CLASS = YES_ERROR;
				CLANG_WARN_SUSPICIOUS_MOVES = YES;
				CLANG_WARN_UNREACHABLE_CODE = YES;
				CLANG_WARN__DUPLICATE_METHOD_MATCH = YES;
				"CODE_SIGN_IDENTITY[sdk=iphoneos*]" = "iPhone Developer";
				COPY_PHASE_STRIP = NO;
				DEBUG_INFORMATION_FORMAT = "dwarf-with-dsym";
				ENABLE_NS_ASSERTIONS = NO;
				ENABLE_STRICT_OBJC_MSGSEND = YES;
				GCC_C_LANGUAGE_STANDARD = gnu99;
				GCC_NO_COMMON_BLOCKS = YES;
				GCC_WARN_64_TO_32_BIT_CONVERSION = YES;
				GCC_WARN_ABOUT_RETURN_TYPE = YES_ERROR;
				GCC_WARN_UNDECLARED_SELECTOR = YES;
				GCC_WARN_UNINITIALIZED_AUTOS = YES_AGGRESSIVE;
				GCC_WARN_UNUSED_FUNCTION = YES;
				GCC_WARN_UNUSED_VARIABLE = YES;
				IPHONEOS_DEPLOYMENT_TARGET = 10.1;
				MTL_ENABLE_DEBUG_INFO = NO;
				SDKROOT = iphoneos;
				SWIFT_OPTIMIZATION_LEVEL = "-Owholemodule";
				VALIDATE_PRODUCT = YES;
			};
			name = Release;
		};
		FE58D4771DDE4563008076B1 /* Debug */ = {
			isa = XCBuildConfiguration;
			buildSettings = {
				ASSETCATALOG_COMPILER_APPICON_NAME = AppIcon;
				INFOPLIST_FILE = "UIScrollView+Extensions/Info.plist";
				LD_RUNPATH_SEARCH_PATHS = "$(inherited) @executable_path/Frameworks";
				PRODUCT_BUNDLE_IDENTIFIER = "com.cjnevin.UIScrollView-Extensions";
				PRODUCT_NAME = "$(TARGET_NAME)";
				SWIFT_VERSION = 3.0;
			};
			name = Debug;
		};
		FE58D4781DDE4563008076B1 /* Release */ = {
			isa = XCBuildConfiguration;
			buildSettings = {
				ASSETCATALOG_COMPILER_APPICON_NAME = AppIcon;
				INFOPLIST_FILE = "UIScrollView+Extensions/Info.plist";
				LD_RUNPATH_SEARCH_PATHS = "$(inherited) @executable_path/Frameworks";
				PRODUCT_BUNDLE_IDENTIFIER = "com.cjnevin.UIScrollView-Extensions";
				PRODUCT_NAME = "$(TARGET_NAME)";
				SWIFT_VERSION = 3.0;
			};
			name = Release;
		};
/* End XCBuildConfiguration section */

/* Begin XCConfigurationList section */
		FE58D45F1DDE4563008076B1 /* Build configuration list for PBXProject "UIScrollView+Extensions" */ = {
			isa = XCConfigurationList;
			buildConfigurations = (
				FE58D4741DDE4563008076B1 /* Debug */,
				FE58D4751DDE4563008076B1 /* Release */,
			);
			defaultConfigurationIsVisible = 0;
			defaultConfigurationName = Release;
		};
		FE58D4761DDE4563008076B1 /* Build configuration list for PBXNativeTarget "UIScrollView+Extensions" */ = {
			isa = XCConfigurationList;
			buildConfigurations = (
				FE58D4771DDE4563008076B1 /* Debug */,
				FE58D4781DDE4563008076B1 /* Release */,
			);
			defaultConfigurationIsVisible = 0;
		};
/* End XCConfigurationList section */
	};
	rootObject = FE58D45C1DDE4563008076B1 /* Project object */;
}
